
Microsoft Visual Studio Solution File, Format Version 12.00
# Visual Studio Version 16
VisualStudioVersion = 16.0.30309.148
MinimumVisualStudioVersion = 10.0.40219.1
Project("{9A19103F-16F7-4668-BE54-9A1E7A4F7556}") = "BenchmarkEnumsToString", "BenchmarkEnumsToString\BenchmarkEnumsToString.csproj", "{A0EF970E-0A88-44B1-A318-8984C6626BBB}"
EndProject
Project("{FAE04EC0-301F-11D3-BF4B-00C04F79EFBC}") = "ConsoleBenchmarkRunner", "ConsoleBenchmarkRunner\ConsoleBenchmarkRunner.csproj", "{9BB59273-625E-4896-983B-27781A918C3D}"
EndProject
Global
	GlobalSection(SolutionConfigurationPlatforms) = preSolution
		Debug|Any CPU = Debug|Any CPU
		Release|Any CPU = Release|Any CPU
	EndGlobalSection
	GlobalSection(ProjectConfigurationPlatforms) = postSolution
		{A0EF970E-0A88-44B1-A318-8984C6626BBB}.Debug|Any CPU.ActiveCfg = Debug|Any CPU
		{A0EF970E-0A88-44B1-A318-8984C6626BBB}.Debug|Any CPU.Build.0 = Debug|Any CPU
		{A0EF970E-0A88-44B1-A318-8984C6626BBB}.Release|Any CPU.ActiveCfg = Release|Any CPU
		{A0EF970E-0A88-44B1-A318-8984C6626BBB}.Release|Any CPU.Build.0 = Release|Any CPU
		{9BB59273-625E-4896-983B-27781A918C3D}.Debug|Any CPU.ActiveCfg = Debug|Any CPU
		{9BB59273-625E-4896-983B-27781A918C3D}.Debug|Any CPU.Build.0 = Debug|Any CPU
		{9BB59273-625E-4896-983B-27781A918C3D}.Release|Any CPU.ActiveCfg = Release|Any CPU
		{9BB59273-625E-4896-983B-27781A918C3D}.Release|Any CPU.Build.0 = Release|Any CPU
	EndGlobalSection
	GlobalSection(SolutionProperties) = preSolution
		HideSolutionNode = FALSE
	EndGlobalSection
	GlobalSection(ExtensibilityGlobals) = postSolution
		SolutionGuid = {E80C26DB-DA1F-4949-8866-9B46FA0D3AA2}
	EndGlobalSection
EndGlobal
