
Microsoft Visual Studio Solution File, Format Version 12.00
# Visual Studio Version 16
VisualStudioVersion = 16.0.30309.148
MinimumVisualStudioVersion = 10.0.40219.1
Project("{9A19103F-16F7-4668-BE54-9A1E7A4F7556}") = "BenchmarkEnumsToString", "src\BenchmarkEnumsToString\BenchmarkEnumsToString.csproj", "{FC542690-1D31-4FDF-8825-2633EC460576}"
EndProject
Project("{9A19103F-16F7-4668-BE54-9A1E7A4F7556}") = "ConsoleBenchmarkRunner.Core", "src\ConsoleBenchmarkRunner.Core\ConsoleBenchmarkRunner.Core.csproj", "{9A248085-64F8-4CE1-96A5-74649EE213CD}"
EndProject
Global
	GlobalSection(SolutionConfigurationPlatforms) = preSolution
		Debug|Any CPU = Debug|Any CPU
		Release|Any CPU = Release|Any CPU
	EndGlobalSection
	GlobalSection(ProjectConfigurationPlatforms) = postSolution
		{FC542690-1D31-4FDF-8825-2633EC460576}.Debug|Any CPU.ActiveCfg = Debug|Any CPU
		{FC542690-1D31-4FDF-8825-2633EC460576}.Debug|Any CPU.Build.0 = Debug|Any CPU
		{FC542690-1D31-4FDF-8825-2633EC460576}.Release|Any CPU.ActiveCfg = Release|Any CPU
		{FC542690-1D31-4FDF-8825-2633EC460576}.Release|Any CPU.Build.0 = Release|Any CPU
		{9A248085-64F8-4CE1-96A5-74649EE213CD}.Debug|Any CPU.ActiveCfg = Debug|Any CPU
		{9A248085-64F8-4CE1-96A5-74649EE213CD}.Debug|Any CPU.Build.0 = Debug|Any CPU
		{9A248085-64F8-4CE1-96A5-74649EE213CD}.Release|Any CPU.ActiveCfg = Release|Any CPU
		{9A248085-64F8-4CE1-96A5-74649EE213CD}.Release|Any CPU.Build.0 = Release|Any CPU
	EndGlobalSection
	GlobalSection(SolutionProperties) = preSolution
		HideSolutionNode = FALSE
	EndGlobalSection
	GlobalSection(ExtensibilityGlobals) = postSolution
		SolutionGuid = {E80C26DB-DA1F-4949-8866-9B46FA0D3AA2}
	EndGlobalSection
EndGlobal
